
Microsoft Visual Studio Solution File, Format Version 12.00
# Visual Studio 15
VisualStudioVersion = 15.0.28307.779
MinimumVisualStudioVersion = 10.0.40219.1
Project("{8BC9CEB8-8B4A-11D0-8D11-00A0C91BC942}") = "OpenCV_11", "OpenCV_11\OpenCV_11.vcxproj", "{A59E7747-149B-492D-B2DA-E14948E56BE5}"
EndProject
Global
	GlobalSection(SolutionConfigurationPlatforms) = preSolution
		Debug|x64 = Debug|x64
		Debug|x86 = Debug|x86
		Release|x64 = Release|x64
		Release|x86 = Release|x86
	EndGlobalSection
	GlobalSection(ProjectConfigurationPlatforms) = postSolution
		{A59E7747-149B-492D-B2DA-E14948E56BE5}.Debug|x64.ActiveCfg = Debug|x64
		{A59E7747-149B-492D-B2DA-E14948E56BE5}.Debug|x64.Build.0 = Debug|x64
		{A59E7747-149B-492D-B2DA-E14948E56BE5}.Debug|x86.ActiveCfg = Debug|Win32
		{A59E7747-149B-492D-B2DA-E14948E56BE5}.Debug|x86.Build.0 = Debug|Win32
		{A59E7747-149B-492D-B2DA-E14948E56BE5}.Release|x64.ActiveCfg = Release|x64
		{A59E7747-149B-492D-B2DA-E14948E56BE5}.Release|x64.Build.0 = Release|x64
		{A59E7747-149B-492D-B2DA-E14948E56BE5}.Release|x86.ActiveCfg = Release|Win32
		{A59E7747-149B-492D-B2DA-E14948E56BE5}.Release|x86.Build.0 = Release|Win32
	EndGlobalSection
	GlobalSection(SolutionProperties) = preSolution
		HideSolutionNode = FALSE
	EndGlobalSection
	GlobalSection(ExtensibilityGlobals) = postSolution
		SolutionGuid = {62A6D50C-C1AC-4367-AB15-CC307D74F996}
	EndGlobalSection
EndGlobal
